<?xml version="1.0" encoding="utf-8"?>
<Project ToolsVersion="17.0" xmlns="http://schemas.microsoft.com/developer/msbuild/2003">
  <ItemGroup>
    <ClCompile Include="D:\adm-render\main\objects_render\objects_render.cpp">
      <Filter>Source Files</Filter>
    </ClCompile>
    <ClCompile Include="D:\adm-render\main\objects_render\audio_render_processor.cpp">
      <Filter>Source Files</Filter>
    </ClCompile>
    <ClCompile Include="D:\adm-render\main\objects_render\multichannel_convolver.cpp">
      <Filter>Source Files</Filter>
    </ClCompile>
  </ItemGroup>
  <ItemGroup>
    <CustomBuild Include="D:\adm-render\main\objects_render\CMakeLists.txt" />
  </ItemGroup>
  <ItemGroup>
    <Filter Include="Source Files">
      <UniqueIdentifier>{1AEE0358-251A-3AE1-AA6D-93FD4FAB9D2F}</UniqueIdentifier>
    </Filter>
  </ItemGroup>
</Project>
