<?xml version="1.0" encoding="utf-8"?>
<Project ToolsVersion="17.0" xmlns="http://schemas.microsoft.com/developer/msbuild/2003">
  <ItemGroup>
    <ClCompile Include="D:\adm-render\utils\libadm\src\document.cpp">
      <Filter>Source Files</Filter>
    </ClCompile>
    <ClCompile Include="D:\adm-render\utils\libadm\src\errors.cpp">
      <Filter>Source Files</Filter>
    </ClCompile>
    <ClCompile Include="D:\adm-render\utils\libadm\src\common_definitions.cpp">
      <Filter>Source Files</Filter>
    </ClCompile>
    <ClCompile Include="D:\adm-render\utils\libadm\src\elements\audio_programme.cpp">
      <Filter>Source Files</Filter>
    </ClCompile>
    <ClCompile Include="D:\adm-render\utils\libadm\src\elements\audio_content.cpp">
      <Filter>Source Files</Filter>
    </ClCompile>
    <ClCompile Include="D:\adm-render\utils\libadm\src\elements\audio_object.cpp">
      <Filter>Source Files</Filter>
    </ClCompile>
    <ClCompile Include="D:\adm-render\utils\libadm\src\elements\audio_pack_format.cpp">
      <Filter>Source Files</Filter>
    </ClCompile>
    <ClCompile Include="D:\adm-render\utils\libadm\src\elements\audio_channel_format.cpp">
      <Filter>Source Files</Filter>
    </ClCompile>
    <ClCompile Include="D:\adm-render\utils\libadm\src\elements\audio_stream_format.cpp">
      <Filter>Source Files</Filter>
    </ClCompile>
    <ClCompile Include="D:\adm-render\utils\libadm\src\elements\audio_track_format.cpp">
      <Filter>Source Files</Filter>
    </ClCompile>
    <ClCompile Include="D:\adm-render\utils\libadm\src\elements\audio_track_uid.cpp">
      <Filter>Source Files</Filter>
    </ClCompile>
    <ClCompile Include="D:\adm-render\utils\libadm\src\elements\audio_programme_id.cpp">
      <Filter>Source Files</Filter>
    </ClCompile>
    <ClCompile Include="D:\adm-render\utils\libadm\src\elements\audio_content_id.cpp">
      <Filter>Source Files</Filter>
    </ClCompile>
    <ClCompile Include="D:\adm-render\utils\libadm\src\elements\audio_object_id.cpp">
      <Filter>Source Files</Filter>
    </ClCompile>
    <ClCompile Include="D:\adm-render\utils\libadm\src\elements\audio_pack_format_id.cpp">
      <Filter>Source Files</Filter>
    </ClCompile>
    <ClCompile Include="D:\adm-render\utils\libadm\src\elements\audio_channel_format_id.cpp">
      <Filter>Source Files</Filter>
    </ClCompile>
    <ClCompile Include="D:\adm-render\utils\libadm\src\elements\audio_block_format_id.cpp">
      <Filter>Source Files</Filter>
    </ClCompile>
    <ClCompile Include="D:\adm-render\utils\libadm\src\elements\audio_track_format_id.cpp">
      <Filter>Source Files</Filter>
    </ClCompile>
    <ClCompile Include="D:\adm-render\utils\libadm\src\elements\audio_stream_format_id.cpp">
      <Filter>Source Files</Filter>
    </ClCompile>
    <ClCompile Include="D:\adm-render\utils\libadm\src\elements\audio_track_uid_id.cpp">
      <Filter>Source Files</Filter>
    </ClCompile>
    <ClCompile Include="D:\adm-render\utils\libadm\src\elements\audio_block_format_direct_speakers.cpp">
      <Filter>Source Files</Filter>
    </ClCompile>
    <ClCompile Include="D:\adm-render\utils\libadm\src\elements\audio_block_format_matrix.cpp">
      <Filter>Source Files</Filter>
    </ClCompile>
    <ClCompile Include="D:\adm-render\utils\libadm\src\elements\audio_block_format_objects.cpp">
      <Filter>Source Files</Filter>
    </ClCompile>
    <ClCompile Include="D:\adm-render\utils\libadm\src\elements\audio_block_format_hoa.cpp">
      <Filter>Source Files</Filter>
    </ClCompile>
    <ClCompile Include="D:\adm-render\utils\libadm\src\elements\audio_block_format_binaural.cpp">
      <Filter>Source Files</Filter>
    </ClCompile>
    <ClCompile Include="D:\adm-render\utils\libadm\src\elements\audio_object_interaction.cpp">
      <Filter>Source Files</Filter>
    </ClCompile>
    <ClCompile Include="D:\adm-render\utils\libadm\src\elements\audio_pack_format_hoa.cpp">
      <Filter>Source Files</Filter>
    </ClCompile>
    <ClCompile Include="D:\adm-render\utils\libadm\src\elements\time.cpp">
      <Filter>Source Files</Filter>
    </ClCompile>
    <ClCompile Include="D:\adm-render\utils\libadm\src\elements\channel_lock.cpp">
      <Filter>Source Files</Filter>
    </ClCompile>
    <ClCompile Include="D:\adm-render\utils\libadm\src\elements\frequency.cpp">
      <Filter>Source Files</Filter>
    </ClCompile>
    <ClCompile Include="D:\adm-render\utils\libadm\src\elements\gain_interaction_range.cpp">
      <Filter>Source Files</Filter>
    </ClCompile>
    <ClCompile Include="D:\adm-render\utils\libadm\src\elements\jump_position.cpp">
      <Filter>Source Files</Filter>
    </ClCompile>
    <ClCompile Include="D:\adm-render\utils\libadm\src\elements\loudness_metadata.cpp">
      <Filter>Source Files</Filter>
    </ClCompile>
    <ClCompile Include="D:\adm-render\utils\libadm\src\elements\object_divergence.cpp">
      <Filter>Source Files</Filter>
    </ClCompile>
    <ClCompile Include="D:\adm-render\utils\libadm\src\elements\position.cpp">
      <Filter>Source Files</Filter>
    </ClCompile>
    <ClCompile Include="D:\adm-render\utils\libadm\src\elements\position_interaction_range.cpp">
      <Filter>Source Files</Filter>
    </ClCompile>
    <ClCompile Include="D:\adm-render\utils\libadm\src\elements\screen_edge_lock.cpp">
      <Filter>Source Files</Filter>
    </ClCompile>
    <ClCompile Include="D:\adm-render\utils\libadm\src\elements\speaker_position.cpp">
      <Filter>Source Files</Filter>
    </ClCompile>
    <ClCompile Include="D:\adm-render\utils\libadm\src\elements\type_descriptor.cpp">
      <Filter>Source Files</Filter>
    </ClCompile>
    <ClCompile Include="D:\adm-render\utils\libadm\src\elements\format_descriptor.cpp">
      <Filter>Source Files</Filter>
    </ClCompile>
    <ClCompile Include="D:\adm-render\utils\libadm\src\utilities\block_duration_assignment.cpp">
      <Filter>Source Files</Filter>
    </ClCompile>
    <ClCompile Include="D:\adm-render\utils\libadm\src\utilities\copy.cpp">
      <Filter>Source Files</Filter>
    </ClCompile>
    <ClCompile Include="D:\adm-render\utils\libadm\src\utilities\id_assignment.cpp">
      <Filter>Source Files</Filter>
    </ClCompile>
    <ClCompile Include="D:\adm-render\utils\libadm\src\utilities\object_creation.cpp">
      <Filter>Source Files</Filter>
    </ClCompile>
    <ClCompile Include="D:\adm-render\utils\libadm\src\path.cpp">
      <Filter>Source Files</Filter>
    </ClCompile>
    <ClCompile Include="D:\adm-render\utils\libadm\src\private\copy.cpp">
      <Filter>Source Files</Filter>
    </ClCompile>
    <ClCompile Include="D:\adm-render\utils\libadm\src\private\rapidxml_wrapper.cpp">
      <Filter>Source Files</Filter>
    </ClCompile>
    <ClCompile Include="D:\adm-render\utils\libadm\src\private\rapidxml_formatter.cpp">
      <Filter>Source Files</Filter>
    </ClCompile>
    <ClCompile Include="D:\adm-render\utils\libadm\src\private\xml_writer.cpp">
      <Filter>Source Files</Filter>
    </ClCompile>
    <ClCompile Include="D:\adm-render\utils\libadm\src\private\xml_parser.cpp">
      <Filter>Source Files</Filter>
    </ClCompile>
    <ClCompile Include="D:\adm-render\utils\libadm\src\detail\hex_values.cpp">
      <Filter>Source Files</Filter>
    </ClCompile>
    <ClCompile Include="D:\adm-render\utils\libadm\src\detail\id_assigner.cpp">
      <Filter>Source Files</Filter>
    </ClCompile>
    <ClCompile Include="D:\adm-render\utils\libadm\src\parse.cpp">
      <Filter>Source Files</Filter>
    </ClCompile>
    <ClCompile Include="D:\adm-render\utils\libadm\src\write.cpp">
      <Filter>Source Files</Filter>
    </ClCompile>
  </ItemGroup>
  <ItemGroup>
    <ClInclude Include="D:\adm-render\utils\libadm\resources.hpp">
      <Filter>Header Files</Filter>
    </ClInclude>
  </ItemGroup>
  <ItemGroup>
    <CustomBuild Include="D:\adm-render\CMakeFiles\236fed13eb495bd6c97571fc391e045b\resources.hpp.rule">
      <Filter>CMake Rules</Filter>
    </CustomBuild>
    <CustomBuild Include="D:\adm-render\utils\libadm\src\CMakeLists.txt" />
  </ItemGroup>
  <ItemGroup>
    <Filter Include="CMake Rules">
      <UniqueIdentifier>{2BF0BE1B-602F-37CB-BE00-4E5D641236FA}</UniqueIdentifier>
    </Filter>
    <Filter Include="Header Files">
      <UniqueIdentifier>{99694EAE-1918-33BD-9017-8CBF9E6C02B4}</UniqueIdentifier>
    </Filter>
    <Filter Include="Source Files">
      <UniqueIdentifier>{1AEE0358-251A-3AE1-AA6D-93FD4FAB9D2F}</UniqueIdentifier>
    </Filter>
  </ItemGroup>
</Project>
