<?xml version="1.0" encoding="utf-8"?>
<Project ToolsVersion="17.0" xmlns="http://schemas.microsoft.com/developer/msbuild/2003">
  <ItemGroup>
    <ClCompile Include="D:\adm-render\src\bs2051.cpp">
      <Filter>Source Files</Filter>
    </ClCompile>
    <ClCompile Include="D:\adm-render\src\bs2051_layouts.cpp">
      <Filter>Source Files</Filter>
    </ClCompile>
    <ClCompile Include="D:\adm-render\src\common\facets.cpp">
      <Filter>Source Files</Filter>
    </ClCompile>
    <ClCompile Include="D:\adm-render\src\common\geom.cpp">
      <Filter>Source Files</Filter>
    </ClCompile>
    <ClCompile Include="D:\adm-render\src\common\point_source_panner.cpp">
      <Filter>Source Files</Filter>
    </ClCompile>
    <ClCompile Include="D:\adm-render\src\decorrelate.cpp">
      <Filter>Source Files</Filter>
    </ClCompile>
    <ClCompile Include="D:\adm-render\src\direct_speakers\gain_calculator_direct_speakers.cpp">
      <Filter>Source Files</Filter>
    </ClCompile>
    <ClCompile Include="D:\adm-render\src\direct_speakers\mapping_rules.cpp">
      <Filter>Source Files</Filter>
    </ClCompile>
    <ClCompile Include="D:\adm-render\src\dsp\block_convolver.cpp">
      <Filter>Source Files</Filter>
    </ClCompile>
    <ClCompile Include="D:\adm-render\src\dsp\block_convolver_impl.cpp">
      <Filter>Source Files</Filter>
    </ClCompile>
    <ClCompile Include="D:\adm-render\src\dsp\delay_buffer_impl.cpp">
      <Filter>Source Files</Filter>
    </ClCompile>
    <ClCompile Include="D:\adm-render\src\dsp\variable_block_size_impl.cpp">
      <Filter>Source Files</Filter>
    </ClCompile>
    <ClCompile Include="D:\adm-render\src\gain_calculators.cpp">
      <Filter>Source Files</Filter>
    </ClCompile>
    <ClCompile Include="D:\adm-render\src\fft_kiss.cpp">
      <Filter>Source Files</Filter>
    </ClCompile>
    <ClCompile Include="D:\adm-render\src\hoa\gain_calculator_hoa.cpp">
      <Filter>Source Files</Filter>
    </ClCompile>
    <ClCompile Include="D:\adm-render\src\hoa\hoa.cpp">
      <Filter>Source Files</Filter>
    </ClCompile>
    <ClCompile Include="D:\adm-render\src\layout.cpp">
      <Filter>Source Files</Filter>
    </ClCompile>
    <ClCompile Include="D:\adm-render\src\screen.cpp">
      <Filter>Source Files</Filter>
    </ClCompile>
    <ClCompile Include="D:\adm-render\src\object_based\extent.cpp">
      <Filter>Source Files</Filter>
    </ClCompile>
    <ClCompile Include="D:\adm-render\src\object_based\gain_calculator_objects.cpp">
      <Filter>Source Files</Filter>
    </ClCompile>
    <ClCompile Include="D:\adm-render\src\warnings.cpp">
      <Filter>Source Files</Filter>
    </ClCompile>
  </ItemGroup>
  <ItemGroup>
    <ClInclude Include="D:\adm-render\resources.hpp">
      <Filter>Header Files</Filter>
    </ClInclude>
  </ItemGroup>
  <ItemGroup>
    <CustomBuild Include="D:\adm-render\CMakeFiles\e120aadc622d1354f9c6ef45411eee3f\resources.hpp.rule">
      <Filter>CMake Rules</Filter>
    </CustomBuild>
    <CustomBuild Include="D:\adm-render\src\CMakeLists.txt" />
  </ItemGroup>
  <ItemGroup>
    <Filter Include="CMake Rules">
      <UniqueIdentifier>{2BF0BE1B-602F-37CB-BE00-4E5D641236FA}</UniqueIdentifier>
    </Filter>
    <Filter Include="Header Files">
      <UniqueIdentifier>{99694EAE-1918-33BD-9017-8CBF9E6C02B4}</UniqueIdentifier>
    </Filter>
    <Filter Include="Source Files">
      <UniqueIdentifier>{1AEE0358-251A-3AE1-AA6D-93FD4FAB9D2F}</UniqueIdentifier>
    </Filter>
  </ItemGroup>
</Project>
